
Microsoft Visual Studio Solution File, Format Version 12.00
# Visual Studio Version 17
VisualStudioVersion = 17.2.32516.85
MinimumVisualStudioVersion = 10.0.40219.1
Project("{FAE04EC0-301F-11D3-BF4B-00C04F79EFBC}") = "Task 15_6_6", "Task 15_6_6\Task 15_6_6.csproj", "{B919703E-2904-40FF-ADCD-704420D7BA66}"
EndProject
Global
	GlobalSection(SolutionConfigurationPlatforms) = preSolution
		Debug|Any CPU = Debug|Any CPU
		Release|Any CPU = Release|Any CPU
	EndGlobalSection
	GlobalSection(ProjectConfigurationPlatforms) = postSolution
		{B919703E-2904-40FF-ADCD-704420D7BA66}.Debug|Any CPU.ActiveCfg = Debug|Any CPU
		{B919703E-2904-40FF-ADCD-704420D7BA66}.Debug|Any CPU.Build.0 = Debug|Any CPU
		{B919703E-2904-40FF-ADCD-704420D7BA66}.Release|Any CPU.ActiveCfg = Release|Any CPU
		{B919703E-2904-40FF-ADCD-704420D7BA66}.Release|Any CPU.Build.0 = Release|Any CPU
	EndGlobalSection
	GlobalSection(SolutionProperties) = preSolution
		HideSolutionNode = FALSE
	EndGlobalSection
	GlobalSection(ExtensibilityGlobals) = postSolution
		SolutionGuid = {AE223E9C-68B6-49D5-9F78-023EC5E9EB8C}
	EndGlobalSection
EndGlobal
